
Microsoft Visual Studio Solution File, Format Version 12.00
# Visual Studio Version 16
VisualStudioVersion = 16.0.29609.76
MinimumVisualStudioVersion = 10.0.40219.1
Project("{FAE04EC0-301F-11D3-BF4B-00C04F79EFBC}") = "DatabaseMonitor.WebAPI", "DatabaseMonitor.WebAPI\DatabaseMonitor.WebAPI.csproj", "{142A49F2-EC2E-4440-994B-C13DB73142B2}"
EndProject
Global
	GlobalSection(SolutionConfigurationPlatforms) = preSolution
		Debug|Any CPU = Debug|Any CPU
		Release|Any CPU = Release|Any CPU
	EndGlobalSection
	GlobalSection(ProjectConfigurationPlatforms) = postSolution
		{142A49F2-EC2E-4440-994B-C13DB73142B2}.Debug|Any CPU.ActiveCfg = Debug|Any CPU
		{142A49F2-EC2E-4440-994B-C13DB73142B2}.Debug|Any CPU.Build.0 = Debug|Any CPU
		{142A49F2-EC2E-4440-994B-C13DB73142B2}.Release|Any CPU.ActiveCfg = Release|Any CPU
		{142A49F2-EC2E-4440-994B-C13DB73142B2}.Release|Any CPU.Build.0 = Release|Any CPU
	EndGlobalSection
	GlobalSection(SolutionProperties) = preSolution
		HideSolutionNode = FALSE
	EndGlobalSection
	GlobalSection(ExtensibilityGlobals) = postSolution
		SolutionGuid = {1502AD01-4412-4630-904C-32BCD1C34144}
	EndGlobalSection
EndGlobal
